
Microsoft Visual Studio Solution File, Format Version 12.00
# Visual Studio Version 16
VisualStudioVersion = 16.0.34301.259
MinimumVisualStudioVersion = 10.0.40219.1
Project("{FAE04EC0-301F-11D3-BF4B-00C04F79EFBC}") = "mpf", "mpf.csproj", "{6C39EDD4-D227-409E-B838-D8F593E50ADA}"
EndProject
Global
	GlobalSection(SolutionConfigurationPlatforms) = preSolution
		Debug|Any CPU = Debug|Any CPU
		Release|Any CPU = Release|Any CPU
	EndGlobalSection
	GlobalSection(ProjectConfigurationPlatforms) = postSolution
		{6C39EDD4-D227-409E-B838-D8F593E50ADA}.Debug|Any CPU.ActiveCfg = Debug|Any CPU
		{6C39EDD4-D227-409E-B838-D8F593E50ADA}.Debug|Any CPU.Build.0 = Debug|Any CPU
		{6C39EDD4-D227-409E-B838-D8F593E50ADA}.Release|Any CPU.ActiveCfg = Release|Any CPU
		{6C39EDD4-D227-409E-B838-D8F593E50ADA}.Release|Any CPU.Build.0 = Release|Any CPU
	EndGlobalSection
	GlobalSection(SolutionProperties) = preSolution
		HideSolutionNode = FALSE
	EndGlobalSection
	GlobalSection(ExtensibilityGlobals) = postSolution
		SolutionGuid = {E9EEF790-6E70-4A38-A496-7369E9C5E5B9}
	EndGlobalSection
EndGlobal
